<?xml version="1.0"?>
<CONFIG>
  <ProjectOptions>
    <Version Value="9"/>
    <PathDelim Value="\"/>
    <General>
      <Flags>
        <MainUnitHasCreateFormStatements Value="False"/>
        <MainUnitHasTitleStatement Value="False"/>
        <LRSInOutputDirectory Value="False"/>
      </Flags>
      <MainUnit Value="0"/>
      <ActiveWindowIndexAtStart Value="0"/>
    </General>
    <VersionInfo>
      <StringTable ProductVersion=""/>
    </VersionInfo>
    <BuildModes Count="1">
      <Item1 Name="default" Default="True"/>
    </BuildModes>
    <PublishOptions>
      <Version Value="2"/>
      <IgnoreBinaries Value="False"/>
      <IncludeFileFilter Value="*.(pas|pp|inc|lfm|lpr|lrs|lpi|lpk|sh|xml)"/>
      <ExcludeFileFilter Value="*.(bak|ppu|ppw|o|so);*~;backup"/>
    </PublishOptions>
    <RunParams>
      <local>
        <FormatVersion Value="1"/>
        <LaunchingApplication PathPlusParams="/usr/X11R6/bin/xterm -T 'Lazarus Run Output' -e $(LazarusDir)/tools/runwait.sh $(TargetCmdLine)"/>
      </local>
    </RunParams>
    <Units Count="1">
      <Unit0>
        <Filename Value="dlldemo.dpr"/>
        <IsPartOfProject Value="True"/>
        <UnitName Value="dlldemo"/>
        <IsVisibleTab Value="True"/>
        <EditorIndex Value="0"/>
        <WindowIndex Value="0"/>
        <TopLine Value="323"/>
        <CursorPos X="1" Y="344"/>
        <UsageCount Value="20"/>
        <Loaded Value="True"/>
        <LoadedDesigner Value="True"/>
      </Unit0>
    </Units>
    <JumpHistory Count="7" HistoryIndex="6">
      <Position1>
        <Filename Value="dlldemo.dpr"/>
        <Caret Line="251" Column="1" TopLine="251"/>
      </Position1>
      <Position2>
        <Filename Value="dlldemo.dpr"/>
        <Caret Line="198" Column="58" TopLine="175"/>
      </Position2>
      <Position3>
        <Filename Value="dlldemo.dpr"/>
        <Caret Line="252" Column="34" TopLine="231"/>
      </Position3>
      <Position4>
        <Filename Value="dlldemo.dpr"/>
        <Caret Line="79" Column="25" TopLine="66"/>
      </Position4>
      <Position5>
        <Filename Value="dlldemo.dpr"/>
        <Caret Line="355" Column="3" TopLine="322"/>
      </Position5>
      <Position6>
        <Filename Value="dlldemo.dpr"/>
        <Caret Line="390" Column="7" TopLine="356"/>
      </Position6>
      <Position7>
        <Filename Value="dlldemo.dpr"/>
        <Caret Line="428" Column="1" TopLine="401"/>
      </Position7>
    </JumpHistory>
  </ProjectOptions>
  <CompilerOptions>
    <Version Value="11"/>
    <PathDelim Value="\"/>
    <Parsing>
      <SyntaxOptions>
        <UseAnsiStrings Value="False"/>
      </SyntaxOptions>
    </Parsing>
    <Linking>
      <Debugging>
        <GenerateDebugInfo Value="False"/>
        <UseLineInfoUnit Value="False"/>
      </Debugging>
    </Linking>
    <Other>
      <Verbosity>
        <ShowHints Value="False"/>
      </Verbosity>
      <CompilerPath Value="$(CompPath)"/>
    </Other>
  </CompilerOptions>
  <Debugging>
    <Exceptions Count="2">
      <Item1>
        <Name Value="ECodetoolError"/>
      </Item1>
      <Item2>
        <Name Value="EFOpenError"/>
      </Item2>
    </Exceptions>
  </Debugging>
</CONFIG>
